
Microsoft Visual Studio Solution File, Format Version 12.00
# Visual Studio Version 16
VisualStudioVersion = 16.0.33920.266
MinimumVisualStudioVersion = 10.0.40219.1
Project("{888888A0-9F3D-457C-B088-3A5042F75D52}") = "FlappyBird", "FlappyBird.pyproj", "{6BA9B77F-2932-45EE-8810-7697C997F619}"
EndProject
Global
	GlobalSection(SolutionConfigurationPlatforms) = preSolution
		Debug|Any CPU = Debug|Any CPU
		Release|Any CPU = Release|Any CPU
	EndGlobalSection
	GlobalSection(ProjectConfigurationPlatforms) = postSolution
		{6BA9B77F-2932-45EE-8810-7697C997F619}.Debug|Any CPU.ActiveCfg = Debug|Any CPU
		{6BA9B77F-2932-45EE-8810-7697C997F619}.Release|Any CPU.ActiveCfg = Release|Any CPU
	EndGlobalSection
	GlobalSection(SolutionProperties) = preSolution
		HideSolutionNode = FALSE
	EndGlobalSection
	GlobalSection(ExtensibilityGlobals) = postSolution
		SolutionGuid = {A5BAB229-9D65-46EC-A1EC-3272622FDA9E}
	EndGlobalSection
EndGlobal
